
Microsoft Visual Studio Solution File, Format Version 12.00
# Visual Studio Version 17
VisualStudioVersion = 17.0.31903.59
MinimumVisualStudioVersion = 10.0.40219.1
Project("{2150E333-8FDC-42A3-9474-1A3956D46DE8}") = "backend", "backend", "{5948D63F-471E-415A-BC08-D7BB29141B13}"
EndProject
Project("{FAE04EC0-301F-11D3-BF4B-00C04F79EFBC}") = "ExpenseControl.Api", "backend\ExpenseControl.Api\ExpenseControl.Api.csproj", "{36244DBD-8186-4C56-9CB9-75D4DAC4EEAD}"
EndProject
Global
	GlobalSection(SolutionConfigurationPlatforms) = preSolution
		Debug|Any CPU = Debug|Any CPU
		Release|Any CPU = Release|Any CPU
	EndGlobalSection
	GlobalSection(SolutionProperties) = preSolution
		HideSolutionNode = FALSE
	EndGlobalSection
	GlobalSection(ProjectConfigurationPlatforms) = postSolution
		{36244DBD-8186-4C56-9CB9-75D4DAC4EEAD}.Debug|Any CPU.ActiveCfg = Debug|Any CPU
		{36244DBD-8186-4C56-9CB9-75D4DAC4EEAD}.Debug|Any CPU.Build.0 = Debug|Any CPU
		{36244DBD-8186-4C56-9CB9-75D4DAC4EEAD}.Release|Any CPU.ActiveCfg = Release|Any CPU
		{36244DBD-8186-4C56-9CB9-75D4DAC4EEAD}.Release|Any CPU.Build.0 = Release|Any CPU
	EndGlobalSection
	GlobalSection(NestedProjects) = preSolution
		{36244DBD-8186-4C56-9CB9-75D4DAC4EEAD} = {5948D63F-471E-415A-BC08-D7BB29141B13}
	EndGlobalSection
EndGlobal
