
Microsoft Visual Studio Solution File, Format Version 12.00
# Visual Studio Version 17
VisualStudioVersion = 17.0.31903.59
MinimumVisualStudioVersion = 10.0.40219.1
Project("{2150E333-8FDC-42A3-9474-1A3956D46DE8}") = "backend", "backend", "{A1630AD8-AB44-4BA5-9451-33D1C4ACE60F}"
EndProject
Project("{FAE04EC0-301F-11D3-BF4B-00C04F79EFBC}") = "ExpenseControl.Api", "backend\ExpenseControl.Api\ExpenseControl.Api.csproj", "{AEF4F364-895A-49EB-B307-D9641F9BBD0B}"
EndProject
Global
	GlobalSection(SolutionConfigurationPlatforms) = preSolution
		Debug|Any CPU = Debug|Any CPU
		Release|Any CPU = Release|Any CPU
	EndGlobalSection
	GlobalSection(SolutionProperties) = preSolution
		HideSolutionNode = FALSE
	EndGlobalSection
	GlobalSection(ProjectConfigurationPlatforms) = postSolution
		{AEF4F364-895A-49EB-B307-D9641F9BBD0B}.Debug|Any CPU.ActiveCfg = Debug|Any CPU
		{AEF4F364-895A-49EB-B307-D9641F9BBD0B}.Debug|Any CPU.Build.0 = Debug|Any CPU
		{AEF4F364-895A-49EB-B307-D9641F9BBD0B}.Release|Any CPU.ActiveCfg = Release|Any CPU
		{AEF4F364-895A-49EB-B307-D9641F9BBD0B}.Release|Any CPU.Build.0 = Release|Any CPU
	EndGlobalSection
	GlobalSection(NestedProjects) = preSolution
		{AEF4F364-895A-49EB-B307-D9641F9BBD0B} = {A1630AD8-AB44-4BA5-9451-33D1C4ACE60F}
	EndGlobalSection
EndGlobal
